
Microsoft Visual Studio Solution File, Format Version 12.00
# Visual Studio Version 17
VisualStudioVersion = 17.4.33213.308
MinimumVisualStudioVersion = 10.0.40219.1
Project("{FAE04EC0-301F-11D3-BF4B-00C04F79EFBC}") = "Pousadas", "Pousadas.csproj", "{3C185B79-4734-4656-8B6B-2D30DAC9FA21}"
EndProject
Global
	GlobalSection(SolutionConfigurationPlatforms) = preSolution
		Debug|Any CPU = Debug|Any CPU
		Release|Any CPU = Release|Any CPU
	EndGlobalSection
	GlobalSection(ProjectConfigurationPlatforms) = postSolution
		{3C185B79-4734-4656-8B6B-2D30DAC9FA21}.Debug|Any CPU.ActiveCfg = Debug|Any CPU
		{3C185B79-4734-4656-8B6B-2D30DAC9FA21}.Debug|Any CPU.Build.0 = Debug|Any CPU
		{3C185B79-4734-4656-8B6B-2D30DAC9FA21}.Debug|Any CPU.Deploy.0 = Debug|Any CPU
		{3C185B79-4734-4656-8B6B-2D30DAC9FA21}.Release|Any CPU.ActiveCfg = Release|Any CPU
		{3C185B79-4734-4656-8B6B-2D30DAC9FA21}.Release|Any CPU.Build.0 = Release|Any CPU
		{3C185B79-4734-4656-8B6B-2D30DAC9FA21}.Release|Any CPU.Deploy.0 = Release|Any CPU
	EndGlobalSection
	GlobalSection(SolutionProperties) = preSolution
		HideSolutionNode = FALSE
	EndGlobalSection
	GlobalSection(ExtensibilityGlobals) = postSolution
		SolutionGuid = {531E1DC7-C2E2-4DB3-839A-F75A1B199564}
	EndGlobalSection
EndGlobal
